// !$*UTF8*$!
{
	archiveVersion = 1;
	classes = {
	};
	objectVersion = 50;
	objects = {

/* Begin PBXBuildFile section */
		C0AAE96F20F88D7F00188D14 /* AppDelegate.m in Sources */ = {isa = PBXBuildFile; fileRef = C0AAE96E20F88D7F00188D14 /* AppDelegate.m */; };
		C0AAE97220F88D7F00188D14 /* ViewController.m in Sources */ = {isa = PBXBuildFile; fileRef = C0AAE97120F88D7F00188D14 /* ViewController.m */; };
		C0AAE97520F88D7F00188D14 /* Main.storyboard in Resources */ = {isa = PBXBuildFile; fileRef = C0AAE97320F88D7F00188D14 /* Main.storyboard */; };
		C0AAE97720F88D8C00188D14 /* Assets.xcassets in Resources */ = {isa = PBXBuildFile; fileRef = C0AAE97620F88D8C00188D14 /* Assets.xcassets */; };
		C0AAE97A20F88D8C00188D14 /* LaunchScreen.storyboard in Resources */ = {isa = PBXBuildFile; fileRef = C0AAE97820F88D8C00188D14 /* LaunchScreen.storyboard */; };
		C0AAE97D20F88D8C00188D14 /* main.m in Sources */ = {isa = PBXBuildFile; fileRef = C0AAE97C20F88D8C00188D14 /* main.m */; };
		C0AAE98720F88D8C00188D14 /* demoTests.m in Sources */ = {isa = PBXBuildFile; fileRef = C0AAE98620F88D8C00188D14 /* demoTests.m */; };
		C0AAE99220F88D8C00188D14 /* demoUITests.m in Sources */ = {isa = PBXBuildFile; fileRef = C0AAE99120F88D8C00188D14 /* demoUITests.m */; };
/* End PBXBuildFile section */

/* Begin PBXContainerItemProxy section */
		C0AAE98320F88D8C00188D14 /* PBXContainerItemProxy */ = {
			isa = PBXContainerItemProxy;
			containerPortal = C0AAE96220F88D7F00188D14 /* Project object */;
			proxyType = 1;
			remoteGlobalIDString = C0AAE96920F88D7F00188D14;
			remoteInfo = demo;
		};
		C0AAE98E20F88D8C00188D14 /* PBXContainerItemProxy */ = {
			isa = PBXContainerItemProxy;
			containerPortal = C0AAE96220F88D7F00188D14 /* Project object */;
			proxyType = 1;
			remoteGlobalIDString = C0AAE96920F88D7F00188D14;
			remoteInfo = demo;
		};
/* End PBXContainerItemProxy section */

/* Begin PBXFileReference section */
		C0AAE96A20F88D7F00188D14 /* demo.app */ = {isa = PBXFileReference; explicitFileType = wrapper.application; includeInIndex = 0; path = demo.app; sourceTree = BUILT_PRODUCTS_DIR; };
		C0AAE96D20F88D7F00188D14 /* AppDelegate.h */ = {isa = PBXFileReference; lastKnownFileType = sourcecode.c.h; path = AppDelegate.h; sourceTree = "<group>"; };
		C0AAE96E20F88D7F00188D14 /* AppDelegate.m */ = {isa = PBXFileReference; lastKnownFileType = sourcecode.c.objc; path = AppDelegate.m; sourceTree = "<group>"; };
		C0AAE97020F88D7F00188D14 /* ViewController.h */ = {isa = PBXFileReference; lastKnownFileType = sourcecode.c.h; path = ViewController.h; sourceTree = "<group>"; };
		C0AAE97120F88D7F00188D14 /* ViewController.m */ = {isa = PBXFileReference; lastKnownFileType = sourcecode.c.objc; path = ViewController.m; sourceTree = "<group>"; };
		C0AAE97420F88D7F00188D14 /* Base */ = {isa = PBXFileReference; lastKnownFileType = file.storyboard; name = Base; path = Base.lproj/Main.storyboard; sourceTree = "<group>"; };
		C0AAE97620F88D8C00188D14 /* Assets.xcassets */ = {isa = PBXFileReference; lastKnownFileType = folder.assetcatalog; path = Assets.xcassets; sourceTree = "<group>"; };
		C0AAE97920F88D8C00188D14 /* Base */ = {isa = PBXFileReference; lastKnownFileType = file.storyboard; name = Base; path = Base.lproj/LaunchScreen.storyboard; sourceTree = "<group>"; };
		C0AAE97B20F88D8C00188D14 /* Info.plist */ = {isa = PBXFileReference; lastKnownFileType = text.plist.xml; path = Info.plist; sourceTree = "<group>"; };
		C0AAE97C20F88D8C00188D14 /* main.m */ = {isa = PBXFileReference; lastKnownFileType = sourcecode.c.objc; path = main.m; sourceTree = "<group>"; };
		C0AAE98220F88D8C00188D14 /* demoTests.xctest */ = {isa = PBXFileReference; explicitFileType = wrapper.cfbundle; includeInIndex = 0; path = demoTests.xctest; sourceTree = BUILT_PRODUCTS_DIR; };
		C0AAE98620F88D8C00188D14 /* demoTests.m */ = {isa = PBXFileReference; lastKnownFileType = sourcecode.c.objc; path = demoTests.m; sourceTree = "<group>"; };
		C0AAE98820F88D8C00188D14 /* Info.plist */ = {isa = PBXFileReference; lastKnownFileType = text.plist.xml; path = Info.plist; sourceTree = "<group>"; };
		C0AAE98D20F88D8C00188D14 /* demoUITests.xctest */ = {isa = PBXFileReference; explicitFileType = wrapper.cfbundle; includeInIndex = 0; path = demoUITests.xctest; sourceTree = BUILT_PRODUCTS_DIR; };
		C0AAE99120F88D8C00188D14 /* demoUITests.m */ = {isa = PBXFileReference; lastKnownFileType = sourcecode.c.objc; path = demoUITests.m; sourceTree = "<group>"; };
		C0AAE99320F88D8C00188D14 /* Info.plist */ = {isa = PBXFileReference; lastKnownFileType = text.plist.xml; path = Info.plist; sourceTree = "<group>"; };
/* End PBXFileReference section */

/* Begin PBXFrameworksBuildPhase section */
		C0AAE96720F88D7F00188D14 /* Frameworks */ = {
			isa = PBXFrameworksBuildPhase;
			buildActionMask = 2147483647;
			files = (
			);
			runOnlyForDeploymentPostprocessing = 0;
		};
		C0AAE97F20F88D8C00188D14 /* Frameworks */ = {
			isa = PBXFrameworksBuildPhase;
			buildActionMask = 2147483647;
			files = (
			);
			runOnlyForDeploymentPostprocessing = 0;
		};
		C0AAE98A20F88D8C00188D14 /* Frameworks */ = {
			isa = PBXFrameworksBuildPhase;
			buildActionMask = 2147483647;
			files = (
			);
			runOnlyForDeploymentPostprocessing = 0;
		};
/* End PBXFrameworksBuildPhase section */

/* Begin PBXGroup section */
		C0AAE96120F88D7F00188D14 = {
			isa = PBXGroup;
			children = (
				C0AAE96C20F88D7F00188D14 /* demo */,
				C0AAE98520F88D8C00188D14 /* demoTests */,
				C0AAE99020F88D8C00188D14 /* demoUITests */,
				C0AAE96B20F88D7F00188D14 /* Products */,
			);
			sourceTree = "<group>";
		};
		C0AAE96B20F88D7F00188D14 /* Products */ = {
			isa = PBXGroup;
			children = (
				C0AAE96A20F88D7F00188D14 /* demo.app */,
				C0AAE98220F88D8C00188D14 /* demoTests.xctest */,
				C0AAE98D20F88D8C00188D14 /* demoUITests.xctest */,
			);
			name = Products;
			sourceTree = "<group>";
		};
		C0AAE96C20F88D7F00188D14 /* demo */ = {
			isa = PBXGroup;
			children = (
				C0AAE96D20F88D7F00188D14 /* AppDelegate.h */,
				C0AAE96E20F88D7F00188D14 /* AppDelegate.m */,
				C0AAE97020F88D7F00188D14 /* ViewController.h */,
				C0AAE97120F88D7F00188D14 /* ViewController.m */,
				C0AAE97320F88D7F00188D14 /* Main.storyboard */,
				C0AAE97620F88D8C00188D14 /* Assets.xcassets */,
				C0AAE97820F88D8C00188D14 /* LaunchScreen.storyboard */,
				C0AAE97B20F88D8C00188D14 /* Info.plist */,
				C0AAE97C20F88D8C00188D14 /* main.m */,
			);
			path = demo;
			sourceTree = "<group>";
		};
		C0AAE98520F88D8C00188D14 /* demoTests */ = {
			isa = PBXGroup;
			children = (
				C0AAE98620F88D8C00188D14 /* demoTests.m */,
				C0AAE98820F88D8C00188D14 /* Info.plist */,
			);
			path = demoTests;
			sourceTree = "<group>";
		};
		C0AAE99020F88D8C00188D14 /* demoUITests */ = {
			isa = PBXGroup;
			children = (
				C0AAE99120F88D8C00188D14 /* demoUITests.m */,
				C0AAE99320F88D8C00188D14 /* Info.plist */,
			);
			path = demoUITests;
			sourceTree = "<group>";
		};
/* End PBXGroup section */

/* Begin PBXNativeTarget section */
		C0AAE96920F88D7F00188D14 /* demo */ = {
			isa = PBXNativeTarget;
			buildConfigurationList = C0AAE99620F88D8C00188D14 /* Build configuration list for PBXNativeTarget "demo" */;
			buildPhases = (
				C0AAE96620F88D7F00188D14 /* Sources */,
				C0AAE96720F88D7F00188D14 /* Frameworks */,
				C0AAE96820F88D7F00188D14 /* Resources */,
			);
			buildRules = (
			);
			dependencies = (
			);
			name = demo;
			productName = demo;
			productReference = C0AAE96A20F88D7F00188D14 /* demo.app */;
			productType = "com.apple.product-type.application";
		};
		C0AAE98120F88D8C00188D14 /* demoTests */ = {
			isa = PBXNativeTarget;
			buildConfigurationList = C0AAE99920F88D8C00188D14 /* Build configuration list for PBXNativeTarget "demoTests" */;
			buildPhases = (
				C0AAE97E20F88D8C00188D14 /* Sources */,
				C0AAE97F20F88D8C00188D14 /* Frameworks */,
				C0AAE98020F88D8C00188D14 /* Resources */,
			);
			buildRules = (
			);
			dependencies = (
				C0AAE98420F88D8C00188D14 /* PBXTargetDependency */,
			);
			name = demoTests;
			productName = demoTests;
			productReference = C0AAE98220F88D8C00188D14 /* demoTests.xctest */;
			productType = "com.apple.product-type.bundle.unit-test";
		};
		C0AAE98C20F88D8C00188D14 /* demoUITests */ = {
			isa = PBXNativeTarget;
			buildConfigurationList = C0AAE99C20F88D8C00188D14 /* Build configuration list for PBXNativeTarget "demoUITests" */;
			buildPhases = (
				C0AAE98920F88D8C00188D14 /* Sources */,
				C0AAE98A20F88D8C00188D14 /* Frameworks */,
				C0AAE98B20F88D8C00188D14 /* Resources */,
			);
			buildRules = (
			);
			dependencies = (
				C0AAE98F20F88D8C00188D14 /* PBXTargetDependency */,
			);
			name = demoUITests;
			productName = demoUITests;
			productReference = C0AAE98D20F88D8C00188D14 /* demoUITests.xctest */;
			productType = "com.apple.product-type.bundle.ui-testing";
		};
/* End PBXNativeTarget section */

/* Begin PBXProject section */
		C0AAE96220F88D7F00188D14 /* Project object */ = {
			isa = PBXProject;
			attributes = {
				LastUpgradeCheck = 0940;
				ORGANIZATIONNAME = rockDing;
				TargetAttributes = {
					C0AAE96920F88D7F00188D14 = {
						CreatedOnToolsVersion = 9.4;
					};
					C0AAE98120F88D8C00188D14 = {
						CreatedOnToolsVersion = 9.4;
						TestTargetID = C0AAE96920F88D7F00188D14;
					};
					C0AAE98C20F88D8C00188D14 = {
						CreatedOnToolsVersion = 9.4;
						TestTargetID = C0AAE96920F88D7F00188D14;
					};
				};
			};
			buildConfigurationList = C0AAE96520F88D7F00188D14 /* Build configuration list for PBXProject "demo" */;
			compatibilityVersion = "Xcode 9.3";
			developmentRegion = en;
			hasScannedForEncodings = 0;
			knownRegions = (
				en,
				Base,
			);
			mainGroup = C0AAE96120F88D7F00188D14;
			productRefGroup = C0AAE96B20F88D7F00188D14 /* Products */;
			projectDirPath = "";
			projectRoot = "";
			targets = (
				C0AAE96920F88D7F00188D14 /* demo */,
				C0AAE98120F88D8C00188D14 /* demoTests */,
				C0AAE98C20F88D8C00188D14 /* demoUITests */,
			);
		};
/* End PBXProject section */

/* Begin PBXResourcesBuildPhase section */
		C0AAE96820F88D7F00188D14 /* Resources */ = {
			isa = PBXResourcesBuildPhase;
			buildActionMask = 2147483647;
			files = (
				C0AAE97A20F88D8C00188D14 /* LaunchScreen.storyboard in Resources */,
				C0AAE97720F88D8C00188D14 /* Assets.xcassets in Resources */,
				C0AAE97520F88D7F00188D14 /* Main.storyboard in Resources */,
			);
			runOnlyForDeploymentPostprocessing = 0;
		};
		C0AAE98020F88D8C00188D14 /* Resources */ = {
			isa = PBXResourcesBuildPhase;
			buildActionMask = 2147483647;
			files = (
			);
			runOnlyForDeploymentPostprocessing = 0;
		};
		C0AAE98B20F88D8C00188D14 /* Resources */ = {
			isa = PBXResourcesBuildPhase;
			buildActionMask = 2147483647;
			files = (
			);
			runOnlyForDeploymentPostprocessing = 0;
		};
/* End PBXResourcesBuildPhase section */

/* Begin PBXSourcesBuildPhase section */
		C0AAE96620F88D7F00188D14 /* Sources */ = {
			isa = PBXSourcesBuildPhase;
			buildActionMask = 2147483647;
			files = (
				C0AAE97220F88D7F00188D14 /* ViewController.m in Sources */,
				C0AAE97D20F88D8C00188D14 /* main.m in Sources */,
				C0AAE96F20F88D7F00188D14 /* AppDelegate.m in Sources */,
			);
			runOnlyForDeploymentPostprocessing = 0;
		};
		C0AAE97E20F88D8C00188D14 /* Sources */ = {
			isa = PBXSourcesBuildPhase;
			buildActionMask = 2147483647;
			files = (
				C0AAE98720F88D8C00188D14 /* demoTests.m in Sources */,
			);
			runOnlyForDeploymentPostprocessing = 0;
		};
		C0AAE98920F88D8C00188D14 /* Sources */ = {
			isa = PBXSourcesBuildPhase;
			buildActionMask = 2147483647;
			files = (
				C0AAE99220F88D8C00188D14 /* demoUITests.m in Sources */,
			);
			runOnlyForDeploymentPostprocessing = 0;
		};
/* End PBXSourcesBuildPhase section */

/* Begin PBXTargetDependency section */
		C0AAE98420F88D8C00188D14 /* PBXTargetDependency */ = {
			isa = PBXTargetDependency;
			target = C0AAE96920F88D7F00188D14 /* demo */;
			targetProxy = C0AAE98320F88D8C00188D14 /* PBXContainerItemProxy */;
		};
		C0AAE98F20F88D8C00188D14 /* PBXTargetDependency */ = {
			isa = PBXTargetDependency;
			target = C0AAE96920F88D7F00188D14 /* demo */;
			targetProxy = C0AAE98E20F88D8C00188D14 /* PBXContainerItemProxy */;
		};
/* End PBXTargetDependency section */

/* Begin PBXVariantGroup section */
		C0AAE97320F88D7F00188D14 /* Main.storyboard */ = {
			isa = PBXVariantGroup;
			children = (
				C0AAE97420F88D7F00188D14 /* Base */,
			);
			name = Main.storyboard;
			sourceTree = "<group>";
		};
		C0AAE97820F88D8C00188D14 /* LaunchScreen.storyboard */ = {
			isa = PBXVariantGroup;
			children = (
				C0AAE97920F88D8C00188D14 /* Base */,
			);
			name = LaunchScreen.storyboard;
			sourceTree = "<group>";
		};
/* End PBXVariantGroup section */

/* Begin XCBuildConfiguration section */
		C0AAE99420F88D8C00188D14 /* Debug */ = {
			isa = XCBuildConfiguration;
			buildSettings = {
				ALWAYS_SEARCH_USER_PATHS = NO;
				CLANG_ANALYZER_NONNULL = YES;
				CLANG_ANALYZER_NUMBER_OBJECT_CONVERSION = YES_AGGRESSIVE;
				CLANG_CXX_LANGUAGE_STANDARD = "gnu++14";
				CLANG_CXX_LIBRARY = "libc++";
				CLANG_ENABLE_MODULES = YES;
				CLANG_ENABLE_OBJC_ARC = YES;
				CLANG_ENABLE_OBJC_WEAK = YES;
				CLANG_WARN_BLOCK_CAPTURE_AUTORELEASING = YES;
				CLANG_WARN_BOOL_CONVERSION = YES;
				CLANG_WARN_COMMA = YES;
				CLANG_WARN_CONSTANT_CONVERSION = YES;
				CLANG_WARN_DEPRECATED_OBJC_IMPLEMENTATIONS = YES;
				CLANG_WARN_DIRECT_OBJC_ISA_USAGE = YES_ERROR;
				CLANG_WARN_DOCUMENTATION_COMMENTS = YES;
				CLANG_WARN_EMPTY_BODY = YES;
				CLANG_WARN_ENUM_CONVERSION = YES;
				CLANG_WARN_INFINITE_RECURSION = YES;
				CLANG_WARN_INT_CONVERSION = YES;
				CLANG_WARN_NON_LITERAL_NULL_CONVERSION = YES;
				CLANG_WARN_OBJC_IMPLICIT_RETAIN_SELF = YES;
				CLANG_WARN_OBJC_LITERAL_CONVERSION = YES;
				CLANG_WARN_OBJC_ROOT_CLASS = YES_ERROR;
				CLANG_WARN_RANGE_LOOP_ANALYSIS = YES;
				CLANG_WARN_STRICT_PROTOTYPES = YES;
				CLANG_WARN_SUSPICIOUS_MOVE = YES;
				CLANG_WARN_UNGUARDED_AVAILABILITY = YES_AGGRESSIVE;
				CLANG_WARN_UNREACHABLE_CODE = YES;
				CLANG_WARN__DUPLICATE_METHOD_MATCH = YES;
				CODE_SIGN_IDENTITY = "iPhone Developer";
				COPY_PHASE_STRIP = NO;
				DEBUG_INFORMATION_FORMAT = dwarf;
				ENABLE_STRICT_OBJC_MSGSEND = YES;
				ENABLE_TESTABILITY = YES;
				GCC_C_LANGUAGE_STANDARD = gnu11;
				GCC_DYNAMIC_NO_PIC = NO;
				GCC_NO_COMMON_BLOCKS = YES;
				GCC_OPTIMIZATION_LEVEL = 0;
				GCC_PREPROCESSOR_DEFINITIONS = (
					"DEBUG=1",
					"$(inherited)",
				);
				GCC_WARN_64_TO_32_BIT_CONVERSION = YES;
				GCC_WARN_ABOUT_RETURN_TYPE = YES_ERROR;
				GCC_WARN_UNDECLARED_SELECTOR = YES;
				GCC_WARN_UNINITIALIZED_AUTOS = YES_AGGRESSIVE;
				GCC_WARN_UNUSED_FUNCTION = YES;
				GCC_WARN_UNUSED_VARIABLE = YES;
				IPHONEOS_DEPLOYMENT_TARGET = 11.4;
				MTL_ENABLE_DEBUG_INFO = YES;
				ONLY_ACTIVE_ARCH = YES;
				SDKROOT = iphoneos;
			};
			name = Debug;
		};
		C0AAE99520F88D8C00188D14 /* Release */ = {
			isa = XCBuildConfiguration;
			buildSettings = {
				ALWAYS_SEARCH_USER_PATHS = NO;
				CLANG_ANALYZER_NONNULL = YES;
				CLANG_ANALYZER_NUMBER_OBJECT_CONVERSION = YES_AGGRESSIVE;
				CLANG_CXX_LANGUAGE_STANDARD = "gnu++14";
				CLANG_CXX_LIBRARY = "libc++";
				CLANG_ENABLE_MODULES = YES;
				CLANG_ENABLE_OBJC_ARC = YES;
				CLANG_ENABLE_OBJC_WEAK = YES;
				CLANG_WARN_BLOCK_CAPTURE_AUTORELEASING = YES;
				CLANG_WARN_BOOL_CONVERSION = YES;
				CLANG_WARN_COMMA = YES;
				CLANG_WARN_CONSTANT_CONVERSION = YES;
				CLANG_WARN_DEPRECATED_OBJC_IMPLEMENTATIONS = YES;
				CLANG_WARN_DIRECT_OBJC_ISA_USAGE = YES_ERROR;
				CLANG_WARN_DOCUMENTATION_COMMENTS = YES;
				CLANG_WARN_EMPTY_BODY = YES;
				CLANG_WARN_ENUM_CONVERSION = YES;
				CLANG_WARN_INFINITE_RECURSION = YES;
				CLANG_WARN_INT_CONVERSION = YES;
				CLANG_WARN_NON_LITERAL_NULL_CONVERSION = YES;
				CLANG_WARN_OBJC_IMPLICIT_RETAIN_SELF = YES;
				CLANG_WARN_OBJC_LITERAL_CONVERSION = YES;
				CLANG_WARN_OBJC_ROOT_CLASS = YES_ERROR;
				CLANG_WARN_RANGE_LOOP_ANALYSIS = YES;
				CLANG_WARN_STRICT_PROTOTYPES = YES;
				CLANG_WARN_SUSPICIOUS_MOVE = YES;
				CLANG_WARN_UNGUARDED_AVAILABILITY = YES_AGGRESSIVE;
				CLANG_WARN_UNREACHABLE_CODE = YES;
				CLANG_WARN__DUPLICATE_METHOD_MATCH = YES;
				CODE_SIGN_IDENTITY = "iPhone Developer";
				COPY_PHASE_STRIP = NO;
				DEBUG_INFORMATION_FORMAT = "dwarf-with-dsym";
				ENABLE_NS_ASSERTIONS = NO;
				ENABLE_STRICT_OBJC_MSGSEND = YES;
				GCC_C_LANGUAGE_STANDARD = gnu11;
				GCC_NO_COMMON_BLOCKS = YES;
				GCC_WARN_64_TO_32_BIT_CONVERSION = YES;
				GCC_WARN_ABOUT_RETURN_TYPE = YES_ERROR;
				GCC_WARN_UNDECLARED_SELECTOR = YES;
				GCC_WARN_UNINITIALIZED_AUTOS = YES_AGGRESSIVE;
				GCC_WARN_UNUSED_FUNCTION = YES;
				GCC_WARN_UNUSED_VARIABLE = YES;
				IPHONEOS_DEPLOYMENT_TARGET = 11.4;
				MTL_ENABLE_DEBUG_INFO = NO;
				SDKROOT = iphoneos;
				VALIDATE_PRODUCT = YES;
			};
			name = Release;
		};
		C0AAE99720F88D8C00188D14 /* Debug */ = {
			isa = XCBuildConfiguration;
			buildSettings = {
				ASSETCATALOG_COMPILER_APPICON_NAME = AppIcon;
				CODE_SIGN_STYLE = Automatic;
				INFOPLIST_FILE = demo/Info.plist;
				LD_RUNPATH_SEARCH_PATHS = (
					"$(inherited)",
					"@executable_path/Frameworks",
				);
				PRODUCT_BUNDLE_IDENTIFIER = DFC.demo;
				PRODUCT_NAME = "$(TARGET_NAME)";
				TARGETED_DEVICE_FAMILY = "1,2";
			};
			name = Debug;
		};
		C0AAE99820F88D8C00188D14 /* Release */ = {
			isa = XCBuildConfiguration;
			buildSettings = {
				ASSETCATALOG_COMPILER_APPICON_NAME = AppIcon;
				CODE_SIGN_STYLE = Automatic;
				INFOPLIST_FILE = demo/Info.plist;
				LD_RUNPATH_SEARCH_PATHS = (
					"$(inherited)",
					"@executable_path/Frameworks",
				);
				PRODUCT_BUNDLE_IDENTIFIER = DFC.demo;
				PRODUCT_NAME = "$(TARGET_NAME)";
				TARGETED_DEVICE_FAMILY = "1,2";
			};
			name = Release;
		};
		C0AAE99A20F88D8C00188D14 /* Debug */ = {
			isa = XCBuildConfiguration;
			buildSettings = {
				BUNDLE_LOADER = "$(TEST_HOST)";
				CODE_SIGN_STYLE = Automatic;
				INFOPLIST_FILE = demoTests/Info.plist;
				LD_RUNPATH_SEARCH_PATHS = (
					"$(inherited)",
					"@executable_path/Frameworks",
					"@loader_path/Frameworks",
				);
				PRODUCT_BUNDLE_IDENTIFIER = DFC.demoTests;
				PRODUCT_NAME = "$(TARGET_NAME)";
				TARGETED_DEVICE_FAMILY = "1,2";
				TEST_HOST = "$(BUILT_PRODUCTS_DIR)/demo.app/demo";
			};
			name = Debug;
		};
		C0AAE99B20F88D8C00188D14 /* Release */ = {
			isa = XCBuildConfiguration;
			buildSettings = {
				BUNDLE_LOADER = "$(TEST_HOST)";
				CODE_SIGN_STYLE = Automatic;
				INFOPLIST_FILE = demoTests/Info.plist;
				LD_RUNPATH_SEARCH_PATHS = (
					"$(inherited)",
					"@executable_path/Frameworks",
					"@loader_path/Frameworks",
				);
				PRODUCT_BUNDLE_IDENTIFIER = DFC.demoTests;
				PRODUCT_NAME = "$(TARGET_NAME)";
				TARGETED_DEVICE_FAMILY = "1,2";
				TEST_HOST = "$(BUILT_PRODUCTS_DIR)/demo.app/demo";
			};
			name = Release;
		};
		C0AAE99D20F88D8C00188D14 /* Debug */ = {
			isa = XCBuildConfiguration;
			buildSettings = {
				CODE_SIGN_STYLE = Automatic;
				INFOPLIST_FILE = demoUITests/Info.plist;
				LD_RUNPATH_SEARCH_PATHS = (
					"$(inherited)",
					"@executable_path/Frameworks",
					"@loader_path/Frameworks",
				);
				PRODUCT_BUNDLE_IDENTIFIER = DFC.demoUITests;
				PRODUCT_NAME = "$(TARGET_NAME)";
				TARGETED_DEVICE_FAMILY = "1,2";
				TEST_TARGET_NAME = demo;
			};
			name = Debug;
		};
		C0AAE99E20F88D8C00188D14 /* Release */ = {
			isa = XCBuildConfiguration;
			buildSettings = {
				CODE_SIGN_STYLE = Automatic;
				INFOPLIST_FILE = demoUITests/Info.plist;
				LD_RUNPATH_SEARCH_PATHS = (
					"$(inherited)",
					"@executable_path/Frameworks",
					"@loader_path/Frameworks",
				);
				PRODUCT_BUNDLE_IDENTIFIER = DFC.demoUITests;
				PRODUCT_NAME = "$(TARGET_NAME)";
				TARGETED_DEVICE_FAMILY = "1,2";
				TEST_TARGET_NAME = demo;
			};
			name = Release;
		};
/* End XCBuildConfiguration section */

/* Begin XCConfigurationList section */
		C0AAE96520F88D7F00188D14 /* Build configuration list for PBXProject "demo" */ = {
			isa = XCConfigurationList;
			buildConfigurations = (
				C0AAE99420F88D8C00188D14 /* Debug */,
				C0AAE99520F88D8C00188D14 /* Release */,
			);
			defaultConfigurationIsVisible = 0;
			defaultConfigurationName = Release;
		};
		C0AAE99620F88D8C00188D14 /* Build configuration list for PBXNativeTarget "demo" */ = {
			isa = XCConfigurationList;
			buildConfigurations = (
				C0AAE99720F88D8C00188D14 /* Debug */,
				C0AAE99820F88D8C00188D14 /* Release */,
			);
			defaultConfigurationIsVisible = 0;
			defaultConfigurationName = Release;
		};
		C0AAE99920F88D8C00188D14 /* Build configuration list for PBXNativeTarget "demoTests" */ = {
			isa = XCConfigurationList;
			buildConfigurations = (
				C0AAE99A20F88D8C00188D14 /* Debug */,
				C0AAE99B20F88D8C00188D14 /* Release */,
			);
			defaultConfigurationIsVisible = 0;
			defaultConfigurationName = Release;
		};
		C0AAE99C20F88D8C00188D14 /* Build configuration list for PBXNativeTarget "demoUITests" */ = {
			isa = XCConfigurationList;
			buildConfigurations = (
				C0AAE99D20F88D8C00188D14 /* Debug */,
				C0AAE99E20F88D8C00188D14 /* Release */,
			);
			defaultConfigurationIsVisible = 0;
			defaultConfigurationName = Release;
		};
/* End XCConfigurationList section */
	};
	rootObject = C0AAE96220F88D7F00188D14 /* Project object */;
}
